
Microsoft Visual Studio Solution File, Format Version 12.00
# Visual Studio Version 17
VisualStudioVersion = 17.5.33424.131
MinimumVisualStudioVersion = 10.0.40219.1
Project("{9A19103F-16F7-4668-BE54-9A1E7A4F7556}") = "POB2421", "POB2421.csproj", "{FC07A988-1A1D-4AFD-B293-7AD1A0F2C4B5}"
EndProject
Project("{9A19103F-16F7-4668-BE54-9A1E7A4F7556}") = "Lesson5", "..\Lesson1\Lesson5.csproj", "{90B5EDA3-CDB9-4943-BBA4-AA25A6A95E7A}"
EndProject
Project("{9A19103F-16F7-4668-BE54-9A1E7A4F7556}") = "Lesson6", "..\Leesons6\Lesson6.csproj", "{4EB2244B-FDA9-490F-AABD-0D584C079E7E}"
EndProject
Project("{9A19103F-16F7-4668-BE54-9A1E7A4F7556}") = "Lesson7", "..\Lesson7\Lesson7.csproj", "{83BF827E-70DB-4736-9A71-D0C504EEB5CA}"
EndProject
Project("{9A19103F-16F7-4668-BE54-9A1E7A4F7556}") = "Lesson8", "..\Lesson8\Lesson8.csproj", "{8D4066DF-07E8-4953-BDCA-79BE9A3A32D1}"
EndProject
Project("{9A19103F-16F7-4668-BE54-9A1E7A4F7556}") = "Lesson9", "..\Lesson9\Lesson9.csproj", "{73112B6B-4BB1-4546-B7CB-0F339A8C5754}"
EndProject
Project("{9A19103F-16F7-4668-BE54-9A1E7A4F7556}") = "Lesson11", "..\Lesson11\Lesson11.csproj", "{2B9F6A89-39EC-440B-9980-64B650AD6ED1}"
EndProject
Project("{9A19103F-16F7-4668-BE54-9A1E7A4F7556}") = "Lesson12", "..\Lesson12\Lesson12.csproj", "{506F9F44-D2E7-4AF2-86E3-0D0F3011EB8C}"
EndProject
Project("{9A19103F-16F7-4668-BE54-9A1E7A4F7556}") = "Lesson13", "..\Lesson13\Lesson13.csproj", "{0D5629A1-545D-49F7-94C1-2F94A333397D}"
EndProject
Project("{9A19103F-16F7-4668-BE54-9A1E7A4F7556}") = "Lesson14", "..\Lesson14\Lesson14.csproj", "{C1B915D5-DCFF-4D5F-8DB0-EAEA51F7D10D}"
EndProject
Project("{9A19103F-16F7-4668-BE54-9A1E7A4F7556}") = "Lesson15", "..\Lesson15\Lesson15.csproj", "{50895C3E-5D14-4146-8E35-996BDAD8D26E}"
EndProject
Project("{9A19103F-16F7-4668-BE54-9A1E7A4F7556}") = "Lesson16", "..\Lesson16\Lesson16.csproj", "{CF781A56-CDA5-4DCF-8A8B-87AE2E169E94}"
EndProject
Project("{9A19103F-16F7-4668-BE54-9A1E7A4F7556}") = "Lesson17", "..\Lessons17\Lesson17.csproj", "{F29B4476-150B-479A-87EF-EA2F102FDA12}"
EndProject
Project("{9A19103F-16F7-4668-BE54-9A1E7A4F7556}") = "Lesson18", "..\Lessons18\Lesson18.csproj", "{70020BCD-272C-43D6-9FD8-274E9C858ED0}"
EndProject
Project("{9A19103F-16F7-4668-BE54-9A1E7A4F7556}") = "Lesson19", "..\Lesson19\Lesson19.csproj", "{A8BD70ED-1550-40FE-80BD-93E966842569}"
EndProject
Project("{9A19103F-16F7-4668-BE54-9A1E7A4F7556}") = "Lesson20", "..\Lesson20\Lesson20.csproj", "{DCDC590C-8F20-4C06-A8E8-28B4307A488F}"
EndProject
Project("{9A19103F-16F7-4668-BE54-9A1E7A4F7556}") = "Lesson21", "..\Lesson21\Lesson21.csproj", "{736498B6-7C1B-4E42-9FFB-62237C489B06}"
EndProject
Project("{9A19103F-16F7-4668-BE54-9A1E7A4F7556}") = "Lesson22", "..\Lesson22\Lesson22.csproj", "{7AA50AA2-3B1D-46DF-9C69-636CEE7BA697}"
EndProject
Project("{9A19103F-16F7-4668-BE54-9A1E7A4F7556}") = "Lesson24", "..\Lesson24\Lesson24.csproj", "{7661C194-CDF2-47F3-8B36-2545D3BC84DB}"
EndProject
Project("{9A19103F-16F7-4668-BE54-9A1E7A4F7556}") = "Lesson24-1", "..\Lesson24-1\Lesson24-1.csproj", "{839AFD6C-9C6F-492D-8F9C-F6DB293816CD}"
EndProject
Project("{9A19103F-16F7-4668-BE54-9A1E7A4F7556}") = "Lesson24-2", "..\Lesson24-2\Lesson24-2.csproj", "{4307A13A-D86D-45FD-932C-EBA2CCE598B2}"
EndProject
Project("{9A19103F-16F7-4668-BE54-9A1E7A4F7556}") = "Lesson24-3", "..\Дуыыщт24-3\Lesson24-3.csproj", "{26D04CD1-6DF9-4906-A181-CFE506ECDCC0}"
EndProject
Project("{9A19103F-16F7-4668-BE54-9A1E7A4F7556}") = "Lesson26-1", "..\Lesson26-1\Lesson26-1.csproj", "{8E43567B-B42E-4A8C-87BA-1D702E3DE36A}"
EndProject
Project("{9A19103F-16F7-4668-BE54-9A1E7A4F7556}") = "Lesson26-2", "..\Lesson26-2\Lesson26-2.csproj", "{97400D2E-105D-43D8-8F53-9B9B17F4672C}"
EndProject
Project("{9A19103F-16F7-4668-BE54-9A1E7A4F7556}") = "Lesson26-3", "..\Lesson26-3\Lesson26-3.csproj", "{58E5C98A-BA02-4BC4-94B0-60ACBED0439E}"
EndProject
Project("{9A19103F-16F7-4668-BE54-9A1E7A4F7556}") = "Lesson26-4", "..\Lesson26-4\Lesson26-4.csproj", "{00E09A15-3BE1-40E8-8435-8FAEE85840C0}"
EndProject
Project("{9A19103F-16F7-4668-BE54-9A1E7A4F7556}") = "Lesson26-5", "..\Lesson26-5\Lesson26-5.csproj", "{EDA45911-16D6-4472-9899-0C440C8DC8DD}"
EndProject
Project("{9A19103F-16F7-4668-BE54-9A1E7A4F7556}") = "Lesson27", "..\Lesson27\Lesson27.csproj", "{E344F0B3-FD85-4C89-9CA5-CE09BEC3E8C7}"
EndProject
Project("{9A19103F-16F7-4668-BE54-9A1E7A4F7556}") = "Lesson27-1", "..\Lesson27-1\Lesson27-1.csproj", "{A391EAD4-5C59-4E0C-9F3E-FB310AD6E97D}"
EndProject
Project("{9A19103F-16F7-4668-BE54-9A1E7A4F7556}") = "Lesson28-1", "..\Lesson28-1\Lesson28-1.csproj", "{603DCA41-304B-4586-808C-E7093BE137E5}"
EndProject
Project("{9A19103F-16F7-4668-BE54-9A1E7A4F7556}") = "Lesson28-2", "..\Lesson28-2\Lesson28-2.csproj", "{45EB1F1C-6262-4D5D-AA49-0003D6AFBF2A}"
EndProject
Project("{9A19103F-16F7-4668-BE54-9A1E7A4F7556}") = "Lesson28-3", "..\Lesson28-3\Lesson28-3.csproj", "{F42DCB56-D3B1-4928-80B2-0DFEC4AC5B68}"
EndProject
Project("{9A19103F-16F7-4668-BE54-9A1E7A4F7556}") = "Lesson29-1", "..\Lesson29-1\Lesson29-1.csproj", "{DD57A9AC-2219-4BFB-AFDA-B2EB74222654}"
EndProject
Project("{9A19103F-16F7-4668-BE54-9A1E7A4F7556}") = "Lesson29-2", "..\Lesson29-2\Lesson29-2.csproj", "{054C05A2-BE6B-4EA9-9BDB-49B7A7580DDB}"
EndProject
Project("{9A19103F-16F7-4668-BE54-9A1E7A4F7556}") = "Lesson29-3", "..\Lesson29-3\Lesson29-3.csproj", "{2021371E-4974-4396-9B8C-DC2CBC890706}"
EndProject
Project("{9A19103F-16F7-4668-BE54-9A1E7A4F7556}") = "Lesson29-4", "..\Lesson29-4\Lesson29-4.csproj", "{0AAE7AF8-D207-4B70-B02C-2F6DA277FF38}"
EndProject
Project("{9A19103F-16F7-4668-BE54-9A1E7A4F7556}") = "Lesson29-5", "..\Lesson29-5\Lesson29-5.csproj", "{0E9D001E-0611-4C1E-B8BE-785567073079}"
EndProject
Project("{9A19103F-16F7-4668-BE54-9A1E7A4F7556}") = "Lesson29-6", "..\Lesson29-6\Lesson29-6.csproj", "{B65280AA-5709-4111-877C-B955166AB660}"
EndProject
Project("{9A19103F-16F7-4668-BE54-9A1E7A4F7556}") = "Lesson30-1", "..\Lesson30-1\Lesson30-1.csproj", "{57AFBA8F-955D-459A-9219-22E4010362F8}"
EndProject
Project("{9A19103F-16F7-4668-BE54-9A1E7A4F7556}") = "Lesson31", "..\Lesson31\Lesson31.csproj", "{91BF3731-7F01-47FF-B056-EA77C893FD8F}"
EndProject
Project("{9A19103F-16F7-4668-BE54-9A1E7A4F7556}") = "Lesson31-1", "..\Lesson31-1\Lesson31-1.csproj", "{128D4C01-5F6C-4D3A-BDCB-325039133401}"
EndProject
Project("{9A19103F-16F7-4668-BE54-9A1E7A4F7556}") = "Lesson32", "..\Lesson32\Lesson32.csproj", "{BA25814F-B429-453F-82EA-6A7FB45E9A2F}"
EndProject
Project("{9A19103F-16F7-4668-BE54-9A1E7A4F7556}") = "Lesson32-1", "..\Lesson32-1\Lesson32-1.csproj", "{113C3D1D-058A-4366-9944-6FCE37F220FD}"
EndProject
Project("{9A19103F-16F7-4668-BE54-9A1E7A4F7556}") = "Lesson33-1", "..\Lesson33-1\Lesson33-1.csproj", "{A0510DDE-F77E-49C2-93B2-2B062FB360CF}"
EndProject
Project("{9A19103F-16F7-4668-BE54-9A1E7A4F7556}") = "Lesson33-2", "..\Lesson33-2\Lesson33-2.csproj", "{EC6D4DD0-5F6E-4751-87F0-8A4A6AE5B8F1}"
EndProject
Project("{FAE04EC0-301F-11D3-BF4B-00C04F79EFBC}") = "Lesson34", "..\Lesson34\Lesson34.csproj", "{7B9C92F0-A3B7-4B80-A08D-CB04A74C1525}"
EndProject
Project("{FAE04EC0-301F-11D3-BF4B-00C04F79EFBC}") = "Lesson34-1", "..\Lesson34-1\Lesson34-1.csproj", "{7BCB73AB-ABC2-4850-A20A-622437A6FD6D}"
EndProject
Global
	GlobalSection(SolutionConfigurationPlatforms) = preSolution
		Debug|Any CPU = Debug|Any CPU
		Release|Any CPU = Release|Any CPU
	EndGlobalSection
	GlobalSection(ProjectConfigurationPlatforms) = postSolution
		{FC07A988-1A1D-4AFD-B293-7AD1A0F2C4B5}.Debug|Any CPU.ActiveCfg = Debug|Any CPU
		{FC07A988-1A1D-4AFD-B293-7AD1A0F2C4B5}.Debug|Any CPU.Build.0 = Debug|Any CPU
		{FC07A988-1A1D-4AFD-B293-7AD1A0F2C4B5}.Release|Any CPU.ActiveCfg = Release|Any CPU
		{FC07A988-1A1D-4AFD-B293-7AD1A0F2C4B5}.Release|Any CPU.Build.0 = Release|Any CPU
		{90B5EDA3-CDB9-4943-BBA4-AA25A6A95E7A}.Debug|Any CPU.ActiveCfg = Debug|Any CPU
		{90B5EDA3-CDB9-4943-BBA4-AA25A6A95E7A}.Debug|Any CPU.Build.0 = Debug|Any CPU
		{90B5EDA3-CDB9-4943-BBA4-AA25A6A95E7A}.Release|Any CPU.ActiveCfg = Release|Any CPU
		{90B5EDA3-CDB9-4943-BBA4-AA25A6A95E7A}.Release|Any CPU.Build.0 = Release|Any CPU
		{4EB2244B-FDA9-490F-AABD-0D584C079E7E}.Debug|Any CPU.ActiveCfg = Debug|Any CPU
		{4EB2244B-FDA9-490F-AABD-0D584C079E7E}.Debug|Any CPU.Build.0 = Debug|Any CPU
		{4EB2244B-FDA9-490F-AABD-0D584C079E7E}.Release|Any CPU.ActiveCfg = Release|Any CPU
		{4EB2244B-FDA9-490F-AABD-0D584C079E7E}.Release|Any CPU.Build.0 = Release|Any CPU
		{83BF827E-70DB-4736-9A71-D0C504EEB5CA}.Debug|Any CPU.ActiveCfg = Debug|Any CPU
		{83BF827E-70DB-4736-9A71-D0C504EEB5CA}.Debug|Any CPU.Build.0 = Debug|Any CPU
		{83BF827E-70DB-4736-9A71-D0C504EEB5CA}.Release|Any CPU.ActiveCfg = Release|Any CPU
		{83BF827E-70DB-4736-9A71-D0C504EEB5CA}.Release|Any CPU.Build.0 = Release|Any CPU
		{8D4066DF-07E8-4953-BDCA-79BE9A3A32D1}.Debug|Any CPU.ActiveCfg = Debug|Any CPU
		{8D4066DF-07E8-4953-BDCA-79BE9A3A32D1}.Debug|Any CPU.Build.0 = Debug|Any CPU
		{8D4066DF-07E8-4953-BDCA-79BE9A3A32D1}.Release|Any CPU.ActiveCfg = Release|Any CPU
		{8D4066DF-07E8-4953-BDCA-79BE9A3A32D1}.Release|Any CPU.Build.0 = Release|Any CPU
		{73112B6B-4BB1-4546-B7CB-0F339A8C5754}.Debug|Any CPU.ActiveCfg = Debug|Any CPU
		{73112B6B-4BB1-4546-B7CB-0F339A8C5754}.Debug|Any CPU.Build.0 = Debug|Any CPU
		{73112B6B-4BB1-4546-B7CB-0F339A8C5754}.Release|Any CPU.ActiveCfg = Release|Any CPU
		{73112B6B-4BB1-4546-B7CB-0F339A8C5754}.Release|Any CPU.Build.0 = Release|Any CPU
		{2B9F6A89-39EC-440B-9980-64B650AD6ED1}.Debug|Any CPU.ActiveCfg = Debug|Any CPU
		{2B9F6A89-39EC-440B-9980-64B650AD6ED1}.Debug|Any CPU.Build.0 = Debug|Any CPU
		{2B9F6A89-39EC-440B-9980-64B650AD6ED1}.Release|Any CPU.ActiveCfg = Release|Any CPU
		{2B9F6A89-39EC-440B-9980-64B650AD6ED1}.Release|Any CPU.Build.0 = Release|Any CPU
		{506F9F44-D2E7-4AF2-86E3-0D0F3011EB8C}.Debug|Any CPU.ActiveCfg = Debug|Any CPU
		{506F9F44-D2E7-4AF2-86E3-0D0F3011EB8C}.Debug|Any CPU.Build.0 = Debug|Any CPU
		{506F9F44-D2E7-4AF2-86E3-0D0F3011EB8C}.Release|Any CPU.ActiveCfg = Release|Any CPU
		{506F9F44-D2E7-4AF2-86E3-0D0F3011EB8C}.Release|Any CPU.Build.0 = Release|Any CPU
		{0D5629A1-545D-49F7-94C1-2F94A333397D}.Debug|Any CPU.ActiveCfg = Debug|Any CPU
		{0D5629A1-545D-49F7-94C1-2F94A333397D}.Debug|Any CPU.Build.0 = Debug|Any CPU
		{0D5629A1-545D-49F7-94C1-2F94A333397D}.Release|Any CPU.ActiveCfg = Release|Any CPU
		{0D5629A1-545D-49F7-94C1-2F94A333397D}.Release|Any CPU.Build.0 = Release|Any CPU
		{C1B915D5-DCFF-4D5F-8DB0-EAEA51F7D10D}.Debug|Any CPU.ActiveCfg = Debug|Any CPU
		{C1B915D5-DCFF-4D5F-8DB0-EAEA51F7D10D}.Debug|Any CPU.Build.0 = Debug|Any CPU
		{C1B915D5-DCFF-4D5F-8DB0-EAEA51F7D10D}.Release|Any CPU.ActiveCfg = Release|Any CPU
		{C1B915D5-DCFF-4D5F-8DB0-EAEA51F7D10D}.Release|Any CPU.Build.0 = Release|Any CPU
		{50895C3E-5D14-4146-8E35-996BDAD8D26E}.Debug|Any CPU.ActiveCfg = Debug|Any CPU
		{50895C3E-5D14-4146-8E35-996BDAD8D26E}.Debug|Any CPU.Build.0 = Debug|Any CPU
		{50895C3E-5D14-4146-8E35-996BDAD8D26E}.Release|Any CPU.ActiveCfg = Release|Any CPU
		{50895C3E-5D14-4146-8E35-996BDAD8D26E}.Release|Any CPU.Build.0 = Release|Any CPU
		{CF781A56-CDA5-4DCF-8A8B-87AE2E169E94}.Debug|Any CPU.ActiveCfg = Debug|Any CPU
		{CF781A56-CDA5-4DCF-8A8B-87AE2E169E94}.Debug|Any CPU.Build.0 = Debug|Any CPU
		{CF781A56-CDA5-4DCF-8A8B-87AE2E169E94}.Release|Any CPU.ActiveCfg = Release|Any CPU
		{CF781A56-CDA5-4DCF-8A8B-87AE2E169E94}.Release|Any CPU.Build.0 = Release|Any CPU
		{F29B4476-150B-479A-87EF-EA2F102FDA12}.Debug|Any CPU.ActiveCfg = Debug|Any CPU
		{F29B4476-150B-479A-87EF-EA2F102FDA12}.Debug|Any CPU.Build.0 = Debug|Any CPU
		{F29B4476-150B-479A-87EF-EA2F102FDA12}.Release|Any CPU.ActiveCfg = Release|Any CPU
		{F29B4476-150B-479A-87EF-EA2F102FDA12}.Release|Any CPU.Build.0 = Release|Any CPU
		{70020BCD-272C-43D6-9FD8-274E9C858ED0}.Debug|Any CPU.ActiveCfg = Debug|Any CPU
		{70020BCD-272C-43D6-9FD8-274E9C858ED0}.Debug|Any CPU.Build.0 = Debug|Any CPU
		{70020BCD-272C-43D6-9FD8-274E9C858ED0}.Release|Any CPU.ActiveCfg = Release|Any CPU
		{70020BCD-272C-43D6-9FD8-274E9C858ED0}.Release|Any CPU.Build.0 = Release|Any CPU
		{A8BD70ED-1550-40FE-80BD-93E966842569}.Debug|Any CPU.ActiveCfg = Debug|Any CPU
		{A8BD70ED-1550-40FE-80BD-93E966842569}.Debug|Any CPU.Build.0 = Debug|Any CPU
		{A8BD70ED-1550-40FE-80BD-93E966842569}.Release|Any CPU.ActiveCfg = Release|Any CPU
		{A8BD70ED-1550-40FE-80BD-93E966842569}.Release|Any CPU.Build.0 = Release|Any CPU
		{DCDC590C-8F20-4C06-A8E8-28B4307A488F}.Debug|Any CPU.ActiveCfg = Debug|Any CPU
		{DCDC590C-8F20-4C06-A8E8-28B4307A488F}.Debug|Any CPU.Build.0 = Debug|Any CPU
		{DCDC590C-8F20-4C06-A8E8-28B4307A488F}.Release|Any CPU.ActiveCfg = Release|Any CPU
		{DCDC590C-8F20-4C06-A8E8-28B4307A488F}.Release|Any CPU.Build.0 = Release|Any CPU
		{736498B6-7C1B-4E42-9FFB-62237C489B06}.Debug|Any CPU.ActiveCfg = Debug|Any CPU
		{736498B6-7C1B-4E42-9FFB-62237C489B06}.Debug|Any CPU.Build.0 = Debug|Any CPU
		{736498B6-7C1B-4E42-9FFB-62237C489B06}.Release|Any CPU.ActiveCfg = Release|Any CPU
		{736498B6-7C1B-4E42-9FFB-62237C489B06}.Release|Any CPU.Build.0 = Release|Any CPU
		{7AA50AA2-3B1D-46DF-9C69-636CEE7BA697}.Debug|Any CPU.ActiveCfg = Debug|Any CPU
		{7AA50AA2-3B1D-46DF-9C69-636CEE7BA697}.Debug|Any CPU.Build.0 = Debug|Any CPU
		{7AA50AA2-3B1D-46DF-9C69-636CEE7BA697}.Release|Any CPU.ActiveCfg = Release|Any CPU
		{7AA50AA2-3B1D-46DF-9C69-636CEE7BA697}.Release|Any CPU.Build.0 = Release|Any CPU
		{7661C194-CDF2-47F3-8B36-2545D3BC84DB}.Debug|Any CPU.ActiveCfg = Debug|Any CPU
		{7661C194-CDF2-47F3-8B36-2545D3BC84DB}.Debug|Any CPU.Build.0 = Debug|Any CPU
		{7661C194-CDF2-47F3-8B36-2545D3BC84DB}.Release|Any CPU.ActiveCfg = Release|Any CPU
		{7661C194-CDF2-47F3-8B36-2545D3BC84DB}.Release|Any CPU.Build.0 = Release|Any CPU
		{839AFD6C-9C6F-492D-8F9C-F6DB293816CD}.Debug|Any CPU.ActiveCfg = Debug|Any CPU
		{839AFD6C-9C6F-492D-8F9C-F6DB293816CD}.Debug|Any CPU.Build.0 = Debug|Any CPU
		{839AFD6C-9C6F-492D-8F9C-F6DB293816CD}.Release|Any CPU.ActiveCfg = Release|Any CPU
		{839AFD6C-9C6F-492D-8F9C-F6DB293816CD}.Release|Any CPU.Build.0 = Release|Any CPU
		{4307A13A-D86D-45FD-932C-EBA2CCE598B2}.Debug|Any CPU.ActiveCfg = Debug|Any CPU
		{4307A13A-D86D-45FD-932C-EBA2CCE598B2}.Debug|Any CPU.Build.0 = Debug|Any CPU
		{4307A13A-D86D-45FD-932C-EBA2CCE598B2}.Release|Any CPU.ActiveCfg = Release|Any CPU
		{4307A13A-D86D-45FD-932C-EBA2CCE598B2}.Release|Any CPU.Build.0 = Release|Any CPU
		{26D04CD1-6DF9-4906-A181-CFE506ECDCC0}.Debug|Any CPU.ActiveCfg = Debug|Any CPU
		{26D04CD1-6DF9-4906-A181-CFE506ECDCC0}.Debug|Any CPU.Build.0 = Debug|Any CPU
		{26D04CD1-6DF9-4906-A181-CFE506ECDCC0}.Release|Any CPU.ActiveCfg = Release|Any CPU
		{26D04CD1-6DF9-4906-A181-CFE506ECDCC0}.Release|Any CPU.Build.0 = Release|Any CPU
		{8E43567B-B42E-4A8C-87BA-1D702E3DE36A}.Debug|Any CPU.ActiveCfg = Debug|Any CPU
		{8E43567B-B42E-4A8C-87BA-1D702E3DE36A}.Debug|Any CPU.Build.0 = Debug|Any CPU
		{8E43567B-B42E-4A8C-87BA-1D702E3DE36A}.Release|Any CPU.ActiveCfg = Release|Any CPU
		{8E43567B-B42E-4A8C-87BA-1D702E3DE36A}.Release|Any CPU.Build.0 = Release|Any CPU
		{97400D2E-105D-43D8-8F53-9B9B17F4672C}.Debug|Any CPU.ActiveCfg = Debug|Any CPU
		{97400D2E-105D-43D8-8F53-9B9B17F4672C}.Debug|Any CPU.Build.0 = Debug|Any CPU
		{97400D2E-105D-43D8-8F53-9B9B17F4672C}.Release|Any CPU.ActiveCfg = Release|Any CPU
		{97400D2E-105D-43D8-8F53-9B9B17F4672C}.Release|Any CPU.Build.0 = Release|Any CPU
		{58E5C98A-BA02-4BC4-94B0-60ACBED0439E}.Debug|Any CPU.ActiveCfg = Debug|Any CPU
		{58E5C98A-BA02-4BC4-94B0-60ACBED0439E}.Debug|Any CPU.Build.0 = Debug|Any CPU
		{58E5C98A-BA02-4BC4-94B0-60ACBED0439E}.Release|Any CPU.ActiveCfg = Release|Any CPU
		{58E5C98A-BA02-4BC4-94B0-60ACBED0439E}.Release|Any CPU.Build.0 = Release|Any CPU
		{00E09A15-3BE1-40E8-8435-8FAEE85840C0}.Debug|Any CPU.ActiveCfg = Debug|Any CPU
		{00E09A15-3BE1-40E8-8435-8FAEE85840C0}.Debug|Any CPU.Build.0 = Debug|Any CPU
		{00E09A15-3BE1-40E8-8435-8FAEE85840C0}.Release|Any CPU.ActiveCfg = Release|Any CPU
		{00E09A15-3BE1-40E8-8435-8FAEE85840C0}.Release|Any CPU.Build.0 = Release|Any CPU
		{EDA45911-16D6-4472-9899-0C440C8DC8DD}.Debug|Any CPU.ActiveCfg = Debug|Any CPU
		{EDA45911-16D6-4472-9899-0C440C8DC8DD}.Debug|Any CPU.Build.0 = Debug|Any CPU
		{EDA45911-16D6-4472-9899-0C440C8DC8DD}.Release|Any CPU.ActiveCfg = Release|Any CPU
		{EDA45911-16D6-4472-9899-0C440C8DC8DD}.Release|Any CPU.Build.0 = Release|Any CPU
		{E344F0B3-FD85-4C89-9CA5-CE09BEC3E8C7}.Debug|Any CPU.ActiveCfg = Debug|Any CPU
		{E344F0B3-FD85-4C89-9CA5-CE09BEC3E8C7}.Debug|Any CPU.Build.0 = Debug|Any CPU
		{E344F0B3-FD85-4C89-9CA5-CE09BEC3E8C7}.Release|Any CPU.ActiveCfg = Release|Any CPU
		{E344F0B3-FD85-4C89-9CA5-CE09BEC3E8C7}.Release|Any CPU.Build.0 = Release|Any CPU
		{A391EAD4-5C59-4E0C-9F3E-FB310AD6E97D}.Debug|Any CPU.ActiveCfg = Debug|Any CPU
		{A391EAD4-5C59-4E0C-9F3E-FB310AD6E97D}.Debug|Any CPU.Build.0 = Debug|Any CPU
		{A391EAD4-5C59-4E0C-9F3E-FB310AD6E97D}.Release|Any CPU.ActiveCfg = Release|Any CPU
		{A391EAD4-5C59-4E0C-9F3E-FB310AD6E97D}.Release|Any CPU.Build.0 = Release|Any CPU
		{603DCA41-304B-4586-808C-E7093BE137E5}.Debug|Any CPU.ActiveCfg = Debug|Any CPU
		{603DCA41-304B-4586-808C-E7093BE137E5}.Debug|Any CPU.Build.0 = Debug|Any CPU
		{603DCA41-304B-4586-808C-E7093BE137E5}.Release|Any CPU.ActiveCfg = Release|Any CPU
		{603DCA41-304B-4586-808C-E7093BE137E5}.Release|Any CPU.Build.0 = Release|Any CPU
		{45EB1F1C-6262-4D5D-AA49-0003D6AFBF2A}.Debug|Any CPU.ActiveCfg = Debug|Any CPU
		{45EB1F1C-6262-4D5D-AA49-0003D6AFBF2A}.Debug|Any CPU.Build.0 = Debug|Any CPU
		{45EB1F1C-6262-4D5D-AA49-0003D6AFBF2A}.Release|Any CPU.ActiveCfg = Release|Any CPU
		{45EB1F1C-6262-4D5D-AA49-0003D6AFBF2A}.Release|Any CPU.Build.0 = Release|Any CPU
		{F42DCB56-D3B1-4928-80B2-0DFEC4AC5B68}.Debug|Any CPU.ActiveCfg = Debug|Any CPU
		{F42DCB56-D3B1-4928-80B2-0DFEC4AC5B68}.Debug|Any CPU.Build.0 = Debug|Any CPU
		{F42DCB56-D3B1-4928-80B2-0DFEC4AC5B68}.Release|Any CPU.ActiveCfg = Release|Any CPU
		{F42DCB56-D3B1-4928-80B2-0DFEC4AC5B68}.Release|Any CPU.Build.0 = Release|Any CPU
		{DD57A9AC-2219-4BFB-AFDA-B2EB74222654}.Debug|Any CPU.ActiveCfg = Debug|Any CPU
		{DD57A9AC-2219-4BFB-AFDA-B2EB74222654}.Debug|Any CPU.Build.0 = Debug|Any CPU
		{DD57A9AC-2219-4BFB-AFDA-B2EB74222654}.Release|Any CPU.ActiveCfg = Release|Any CPU
		{DD57A9AC-2219-4BFB-AFDA-B2EB74222654}.Release|Any CPU.Build.0 = Release|Any CPU
		{054C05A2-BE6B-4EA9-9BDB-49B7A7580DDB}.Debug|Any CPU.ActiveCfg = Debug|Any CPU
		{054C05A2-BE6B-4EA9-9BDB-49B7A7580DDB}.Debug|Any CPU.Build.0 = Debug|Any CPU
		{054C05A2-BE6B-4EA9-9BDB-49B7A7580DDB}.Release|Any CPU.ActiveCfg = Release|Any CPU
		{054C05A2-BE6B-4EA9-9BDB-49B7A7580DDB}.Release|Any CPU.Build.0 = Release|Any CPU
		{2021371E-4974-4396-9B8C-DC2CBC890706}.Debug|Any CPU.ActiveCfg = Debug|Any CPU
		{2021371E-4974-4396-9B8C-DC2CBC890706}.Debug|Any CPU.Build.0 = Debug|Any CPU
		{2021371E-4974-4396-9B8C-DC2CBC890706}.Release|Any CPU.ActiveCfg = Release|Any CPU
		{2021371E-4974-4396-9B8C-DC2CBC890706}.Release|Any CPU.Build.0 = Release|Any CPU
		{0AAE7AF8-D207-4B70-B02C-2F6DA277FF38}.Debug|Any CPU.ActiveCfg = Debug|Any CPU
		{0AAE7AF8-D207-4B70-B02C-2F6DA277FF38}.Debug|Any CPU.Build.0 = Debug|Any CPU
		{0AAE7AF8-D207-4B70-B02C-2F6DA277FF38}.Release|Any CPU.ActiveCfg = Release|Any CPU
		{0AAE7AF8-D207-4B70-B02C-2F6DA277FF38}.Release|Any CPU.Build.0 = Release|Any CPU
		{0E9D001E-0611-4C1E-B8BE-785567073079}.Debug|Any CPU.ActiveCfg = Debug|Any CPU
		{0E9D001E-0611-4C1E-B8BE-785567073079}.Debug|Any CPU.Build.0 = Debug|Any CPU
		{0E9D001E-0611-4C1E-B8BE-785567073079}.Release|Any CPU.ActiveCfg = Release|Any CPU
		{0E9D001E-0611-4C1E-B8BE-785567073079}.Release|Any CPU.Build.0 = Release|Any CPU
		{B65280AA-5709-4111-877C-B955166AB660}.Debug|Any CPU.ActiveCfg = Debug|Any CPU
		{B65280AA-5709-4111-877C-B955166AB660}.Debug|Any CPU.Build.0 = Debug|Any CPU
		{B65280AA-5709-4111-877C-B955166AB660}.Release|Any CPU.ActiveCfg = Release|Any CPU
		{B65280AA-5709-4111-877C-B955166AB660}.Release|Any CPU.Build.0 = Release|Any CPU
		{57AFBA8F-955D-459A-9219-22E4010362F8}.Debug|Any CPU.ActiveCfg = Debug|Any CPU
		{57AFBA8F-955D-459A-9219-22E4010362F8}.Debug|Any CPU.Build.0 = Debug|Any CPU
		{57AFBA8F-955D-459A-9219-22E4010362F8}.Release|Any CPU.ActiveCfg = Release|Any CPU
		{57AFBA8F-955D-459A-9219-22E4010362F8}.Release|Any CPU.Build.0 = Release|Any CPU
		{91BF3731-7F01-47FF-B056-EA77C893FD8F}.Debug|Any CPU.ActiveCfg = Debug|Any CPU
		{91BF3731-7F01-47FF-B056-EA77C893FD8F}.Debug|Any CPU.Build.0 = Debug|Any CPU
		{91BF3731-7F01-47FF-B056-EA77C893FD8F}.Release|Any CPU.ActiveCfg = Release|Any CPU
		{91BF3731-7F01-47FF-B056-EA77C893FD8F}.Release|Any CPU.Build.0 = Release|Any CPU
		{128D4C01-5F6C-4D3A-BDCB-325039133401}.Debug|Any CPU.ActiveCfg = Debug|Any CPU
		{128D4C01-5F6C-4D3A-BDCB-325039133401}.Debug|Any CPU.Build.0 = Debug|Any CPU
		{128D4C01-5F6C-4D3A-BDCB-325039133401}.Release|Any CPU.ActiveCfg = Release|Any CPU
		{128D4C01-5F6C-4D3A-BDCB-325039133401}.Release|Any CPU.Build.0 = Release|Any CPU
		{BA25814F-B429-453F-82EA-6A7FB45E9A2F}.Debug|Any CPU.ActiveCfg = Debug|Any CPU
		{BA25814F-B429-453F-82EA-6A7FB45E9A2F}.Debug|Any CPU.Build.0 = Debug|Any CPU
		{BA25814F-B429-453F-82EA-6A7FB45E9A2F}.Release|Any CPU.ActiveCfg = Release|Any CPU
		{BA25814F-B429-453F-82EA-6A7FB45E9A2F}.Release|Any CPU.Build.0 = Release|Any CPU
		{113C3D1D-058A-4366-9944-6FCE37F220FD}.Debug|Any CPU.ActiveCfg = Debug|Any CPU
		{113C3D1D-058A-4366-9944-6FCE37F220FD}.Debug|Any CPU.Build.0 = Debug|Any CPU
		{113C3D1D-058A-4366-9944-6FCE37F220FD}.Release|Any CPU.ActiveCfg = Release|Any CPU
		{113C3D1D-058A-4366-9944-6FCE37F220FD}.Release|Any CPU.Build.0 = Release|Any CPU
		{A0510DDE-F77E-49C2-93B2-2B062FB360CF}.Debug|Any CPU.ActiveCfg = Debug|Any CPU
		{A0510DDE-F77E-49C2-93B2-2B062FB360CF}.Debug|Any CPU.Build.0 = Debug|Any CPU
		{A0510DDE-F77E-49C2-93B2-2B062FB360CF}.Release|Any CPU.ActiveCfg = Release|Any CPU
		{A0510DDE-F77E-49C2-93B2-2B062FB360CF}.Release|Any CPU.Build.0 = Release|Any CPU
		{EC6D4DD0-5F6E-4751-87F0-8A4A6AE5B8F1}.Debug|Any CPU.ActiveCfg = Debug|Any CPU
		{EC6D4DD0-5F6E-4751-87F0-8A4A6AE5B8F1}.Debug|Any CPU.Build.0 = Debug|Any CPU
		{EC6D4DD0-5F6E-4751-87F0-8A4A6AE5B8F1}.Release|Any CPU.ActiveCfg = Release|Any CPU
		{EC6D4DD0-5F6E-4751-87F0-8A4A6AE5B8F1}.Release|Any CPU.Build.0 = Release|Any CPU
		{7B9C92F0-A3B7-4B80-A08D-CB04A74C1525}.Debug|Any CPU.ActiveCfg = Debug|Any CPU
		{7B9C92F0-A3B7-4B80-A08D-CB04A74C1525}.Debug|Any CPU.Build.0 = Debug|Any CPU
		{7B9C92F0-A3B7-4B80-A08D-CB04A74C1525}.Release|Any CPU.ActiveCfg = Release|Any CPU
		{7B9C92F0-A3B7-4B80-A08D-CB04A74C1525}.Release|Any CPU.Build.0 = Release|Any CPU
		{7BCB73AB-ABC2-4850-A20A-622437A6FD6D}.Debug|Any CPU.ActiveCfg = Debug|Any CPU
		{7BCB73AB-ABC2-4850-A20A-622437A6FD6D}.Debug|Any CPU.Build.0 = Debug|Any CPU
		{7BCB73AB-ABC2-4850-A20A-622437A6FD6D}.Release|Any CPU.ActiveCfg = Release|Any CPU
		{7BCB73AB-ABC2-4850-A20A-622437A6FD6D}.Release|Any CPU.Build.0 = Release|Any CPU
	EndGlobalSection
	GlobalSection(SolutionProperties) = preSolution
		HideSolutionNode = FALSE
	EndGlobalSection
	GlobalSection(ExtensibilityGlobals) = postSolution
		SolutionGuid = {1BA42249-FB29-4389-8A1E-0864A29F70EE}
	EndGlobalSection
EndGlobal
